
Microsoft Visual Studio Solution File, Format Version 12.00
# Visual Studio Version 17
VisualStudioVersion = 17.2.32602.215
MinimumVisualStudioVersion = 10.0.40219.1
Project("{8BC9CEB8-8B4A-11D0-8D11-00A0C91BC942}") = "Map", "Map.vcxproj", "{DD0B448C-179B-4452-A3B2-46F8EFE065F4}"
EndProject
Project("{8BC9CEB8-8B4A-11D0-8D11-00A0C91BC942}") = "UnitTestMap", "..\UnitTestMap\UnitTestMap.vcxproj", "{F6CAF565-AA54-45B8-85E8-C38671ABD1BD}"
EndProject
Global
	GlobalSection(SolutionConfigurationPlatforms) = preSolution
		Debug|ARM = Debug|ARM
		Debug|ARM64 = Debug|ARM64
		Debug|x64 = Debug|x64
		Debug|x86 = Debug|x86
		Release|ARM = Release|ARM
		Release|ARM64 = Release|ARM64
		Release|x64 = Release|x64
		Release|x86 = Release|x86
	EndGlobalSection
	GlobalSection(ProjectConfigurationPlatforms) = postSolution
		{DD0B448C-179B-4452-A3B2-46F8EFE065F4}.Debug|ARM.ActiveCfg = Debug|x64
		{DD0B448C-179B-4452-A3B2-46F8EFE065F4}.Debug|ARM.Build.0 = Debug|x64
		{DD0B448C-179B-4452-A3B2-46F8EFE065F4}.Debug|ARM64.ActiveCfg = Debug|x64
		{DD0B448C-179B-4452-A3B2-46F8EFE065F4}.Debug|ARM64.Build.0 = Debug|x64
		{DD0B448C-179B-4452-A3B2-46F8EFE065F4}.Debug|x64.ActiveCfg = Debug|x64
		{DD0B448C-179B-4452-A3B2-46F8EFE065F4}.Debug|x64.Build.0 = Debug|x64
		{DD0B448C-179B-4452-A3B2-46F8EFE065F4}.Debug|x86.ActiveCfg = Debug|Win32
		{DD0B448C-179B-4452-A3B2-46F8EFE065F4}.Debug|x86.Build.0 = Debug|Win32
		{DD0B448C-179B-4452-A3B2-46F8EFE065F4}.Release|ARM.ActiveCfg = Release|x64
		{DD0B448C-179B-4452-A3B2-46F8EFE065F4}.Release|ARM.Build.0 = Release|x64
		{DD0B448C-179B-4452-A3B2-46F8EFE065F4}.Release|ARM64.ActiveCfg = Release|x64
		{DD0B448C-179B-4452-A3B2-46F8EFE065F4}.Release|ARM64.Build.0 = Release|x64
		{DD0B448C-179B-4452-A3B2-46F8EFE065F4}.Release|x64.ActiveCfg = Release|x64
		{DD0B448C-179B-4452-A3B2-46F8EFE065F4}.Release|x64.Build.0 = Release|x64
		{DD0B448C-179B-4452-A3B2-46F8EFE065F4}.Release|x86.ActiveCfg = Release|Win32
		{DD0B448C-179B-4452-A3B2-46F8EFE065F4}.Release|x86.Build.0 = Release|Win32
		{F6CAF565-AA54-45B8-85E8-C38671ABD1BD}.Debug|ARM.ActiveCfg = Debug|ARM
		{F6CAF565-AA54-45B8-85E8-C38671ABD1BD}.Debug|ARM.Build.0 = Debug|ARM
		{F6CAF565-AA54-45B8-85E8-C38671ABD1BD}.Debug|ARM.Deploy.0 = Debug|ARM
		{F6CAF565-AA54-45B8-85E8-C38671ABD1BD}.Debug|ARM64.ActiveCfg = Debug|ARM64
		{F6CAF565-AA54-45B8-85E8-C38671ABD1BD}.Debug|ARM64.Build.0 = Debug|ARM64
		{F6CAF565-AA54-45B8-85E8-C38671ABD1BD}.Debug|ARM64.Deploy.0 = Debug|ARM64
		{F6CAF565-AA54-45B8-85E8-C38671ABD1BD}.Debug|x64.ActiveCfg = Debug|x64
		{F6CAF565-AA54-45B8-85E8-C38671ABD1BD}.Debug|x64.Build.0 = Debug|x64
		{F6CAF565-AA54-45B8-85E8-C38671ABD1BD}.Debug|x64.Deploy.0 = Debug|x64
		{F6CAF565-AA54-45B8-85E8-C38671ABD1BD}.Debug|x86.ActiveCfg = Debug|Win32
		{F6CAF565-AA54-45B8-85E8-C38671ABD1BD}.Debug|x86.Build.0 = Debug|Win32
		{F6CAF565-AA54-45B8-85E8-C38671ABD1BD}.Debug|x86.Deploy.0 = Debug|Win32
		{F6CAF565-AA54-45B8-85E8-C38671ABD1BD}.Release|ARM.ActiveCfg = Release|ARM
		{F6CAF565-AA54-45B8-85E8-C38671ABD1BD}.Release|ARM.Build.0 = Release|ARM
		{F6CAF565-AA54-45B8-85E8-C38671ABD1BD}.Release|ARM.Deploy.0 = Release|ARM
		{F6CAF565-AA54-45B8-85E8-C38671ABD1BD}.Release|ARM64.ActiveCfg = Release|ARM64
		{F6CAF565-AA54-45B8-85E8-C38671ABD1BD}.Release|ARM64.Build.0 = Release|ARM64
		{F6CAF565-AA54-45B8-85E8-C38671ABD1BD}.Release|ARM64.Deploy.0 = Release|ARM64
		{F6CAF565-AA54-45B8-85E8-C38671ABD1BD}.Release|x64.ActiveCfg = Release|x64
		{F6CAF565-AA54-45B8-85E8-C38671ABD1BD}.Release|x64.Build.0 = Release|x64
		{F6CAF565-AA54-45B8-85E8-C38671ABD1BD}.Release|x64.Deploy.0 = Release|x64
		{F6CAF565-AA54-45B8-85E8-C38671ABD1BD}.Release|x86.ActiveCfg = Release|Win32
		{F6CAF565-AA54-45B8-85E8-C38671ABD1BD}.Release|x86.Build.0 = Release|Win32
		{F6CAF565-AA54-45B8-85E8-C38671ABD1BD}.Release|x86.Deploy.0 = Release|Win32
	EndGlobalSection
	GlobalSection(SolutionProperties) = preSolution
		HideSolutionNode = FALSE
	EndGlobalSection
	GlobalSection(ExtensibilityGlobals) = postSolution
		SolutionGuid = {866143B6-E5A0-427F-87E1-FD325AE06091}
	EndGlobalSection
EndGlobal
